uuid: 64ab8cda-2561-4a64-83a3-41253edd2301
langcode: en
status: true
dependencies:
  content:
    - 'block_content:social_block:45575d56-2951-4f63-99ab-59bb0a8aeb81'
  module:
    - block_content
  theme:
    - olivero
id: olivero_testblock
theme: olivero
region: content
weight: 0
provider: null
plugin: 'block_content:45575d56-2951-4f63-99ab-59bb0a8aeb81'
settings:
  id: 'block_content:45575d56-2951-4f63-99ab-59bb0a8aeb81'
  label: 'test block'
  label_display: visible
  provider: block_content
  status: true
  info: ''
  view_mode: full
visibility: {  }
